// !$*UTF8*$!
{
	archiveVersion = 1;
	classes = {
	};
	objectVersion = 46;
	objects = {

/* Begin PBXBuildFile section */
		2626C9E51E9D710600DD722A /* ViewController.swift in Sources */ = {isa = PBXBuildFile; fileRef = 2626C9E41E9D710600DD722A /* ViewController.swift */; };
		35DD0B8992896832A94EE9A6 /* Pods_LanguageLeapMobileAppFinal.framework in Frameworks */ = {isa = PBXBuildFile; fileRef = 7CDFBACE7635B6ED013EF8E4 /* Pods_LanguageLeapMobileAppFinal.framework */; };
		7E94E77A6E047ACBDDA3FAC0 /* Pods_LanguageLeapMobileAppFinalTests.framework in Frameworks */ = {isa = PBXBuildFile; fileRef = E7B8DD9121F0B40083060E92 /* Pods_LanguageLeapMobileAppFinalTests.framework */; };
		9458A1711EA808910011E7A9 /* StatsViewController.swift in Sources */ = {isa = PBXBuildFile; fileRef = 9458A1701EA808910011E7A9 /* StatsViewController.swift */; };
		9496D5491EA6AAB900692A6E /* GoogleService-Info.plist in Resources */ = {isa = PBXBuildFile; fileRef = 9496D5481EA6AAB900692A6E /* GoogleService-Info.plist */; };
		9496D54A1EA6AAB900692A6E /* GoogleService-Info.plist in Resources */ = {isa = PBXBuildFile; fileRef = 9496D5481EA6AAB900692A6E /* GoogleService-Info.plist */; };
		9496D54B1EA6AAB900692A6E /* GoogleService-Info.plist in Resources */ = {isa = PBXBuildFile; fileRef = 9496D5481EA6AAB900692A6E /* GoogleService-Info.plist */; };
		D7F7BD461E9D687000D42DDA /* AppDelegate.swift in Sources */ = {isa = PBXBuildFile; fileRef = D7F7BD451E9D687000D42DDA /* AppDelegate.swift */; };
		D7F7BD481E9D687100D42DDA /* GameScene.sks in Resources */ = {isa = PBXBuildFile; fileRef = D7F7BD471E9D687100D42DDA /* GameScene.sks */; };
		D7F7BD4A1E9D687100D42DDA /* Actions.sks in Resources */ = {isa = PBXBuildFile; fileRef = D7F7BD491E9D687100D42DDA /* Actions.sks */; };
		D7F7BD4C1E9D687100D42DDA /* GameScene.swift in Sources */ = {isa = PBXBuildFile; fileRef = D7F7BD4B1E9D687100D42DDA /* GameScene.swift */; };
		D7F7BD4E1E9D687100D42DDA /* GameViewController.swift in Sources */ = {isa = PBXBuildFile; fileRef = D7F7BD4D1E9D687100D42DDA /* GameViewController.swift */; };
		D7F7BD511E9D687100D42DDA /* Main.storyboard in Resources */ = {isa = PBXBuildFile; fileRef = D7F7BD4F1E9D687100D42DDA /* Main.storyboard */; };
		D7F7BD531E9D687100D42DDA /* Assets.xcassets in Resources */ = {isa = PBXBuildFile; fileRef = D7F7BD521E9D687100D42DDA /* Assets.xcassets */; };
		D7F7BD561E9D687100D42DDA /* LaunchScreen.storyboard in Resources */ = {isa = PBXBuildFile; fileRef = D7F7BD541E9D687100D42DDA /* LaunchScreen.storyboard */; };
		D7F7BD611E9D687100D42DDA /* LanguageLeapMobileAppFinalTests.swift in Sources */ = {isa = PBXBuildFile; fileRef = D7F7BD601E9D687100D42DDA /* LanguageLeapMobileAppFinalTests.swift */; };
		D7F7BD6C1E9D687100D42DDA /* LanguageLeapMobileAppFinalUITests.swift in Sources */ = {isa = PBXBuildFile; fileRef = D7F7BD6B1E9D687100D42DDA /* LanguageLeapMobileAppFinalUITests.swift */; };
		D7F7BD7A1E9D731100D42DDA /* Question.swift in Sources */ = {isa = PBXBuildFile; fileRef = D7F7BD791E9D731100D42DDA /* Question.swift */; };
		E022B9EB652A56C44EACC615 /* Pods_LanguageLeapMobileAppFinalUITests.framework in Frameworks */ = {isa = PBXBuildFile; fileRef = A5C06CFACDE410787D425CFB /* Pods_LanguageLeapMobileAppFinalUITests.framework */; };
/* End PBXBuildFile section */

/* Begin PBXContainerItemProxy section */
		D7F7BD5D1E9D687100D42DDA /* PBXContainerItemProxy */ = {
			isa = PBXContainerItemProxy;
			containerPortal = D7F7BD3A1E9D687000D42DDA /* Project object */;
			proxyType = 1;
			remoteGlobalIDString = D7F7BD411E9D687000D42DDA;
			remoteInfo = LanguageLeapMobileAppFinal;
		};
		D7F7BD681E9D687100D42DDA /* PBXContainerItemProxy */ = {
			isa = PBXContainerItemProxy;
			containerPortal = D7F7BD3A1E9D687000D42DDA /* Project object */;
			proxyType = 1;
			remoteGlobalIDString = D7F7BD411E9D687000D42DDA;
			remoteInfo = LanguageLeapMobileAppFinal;
		};
/* End PBXContainerItemProxy section */

/* Begin PBXFileReference section */
		248632371D2A99FCDDF64BAD /* Pods-LanguageLeapMobileAppFinalTests.debug.xcconfig */ = {isa = PBXFileReference; includeInIndex = 1; lastKnownFileType = text.xcconfig; name = "Pods-LanguageLeapMobileAppFinalTests.debug.xcconfig"; path = "Pods/Target Support Files/Pods-LanguageLeapMobileAppFinalTests/Pods-LanguageLeapMobileAppFinalTests.debug.xcconfig"; sourceTree = "<group>"; };
		2626C9E41E9D710600DD722A /* ViewController.swift */ = {isa = PBXFileReference; fileEncoding = 4; lastKnownFileType = sourcecode.swift; path = ViewController.swift; sourceTree = "<group>"; };
		7CDFBACE7635B6ED013EF8E4 /* Pods_LanguageLeapMobileAppFinal.framework */ = {isa = PBXFileReference; explicitFileType = wrapper.framework; includeInIndex = 0; path = Pods_LanguageLeapMobileAppFinal.framework; sourceTree = BUILT_PRODUCTS_DIR; };
		887DFA6E23700C6A0104D35D /* Pods-LanguageLeapMobileAppFinalUITests.release.xcconfig */ = {isa = PBXFileReference; includeInIndex = 1; lastKnownFileType = text.xcconfig; name = "Pods-LanguageLeapMobileAppFinalUITests.release.xcconfig"; path = "Pods/Target Support Files/Pods-LanguageLeapMobileAppFinalUITests/Pods-LanguageLeapMobileAppFinalUITests.release.xcconfig"; sourceTree = "<group>"; };
		8CF54F9766C209FA4B0FAEDB /* Pods-LanguageLeapMobileAppFinalTests.release.xcconfig */ = {isa = PBXFileReference; includeInIndex = 1; lastKnownFileType = text.xcconfig; name = "Pods-LanguageLeapMobileAppFinalTests.release.xcconfig"; path = "Pods/Target Support Files/Pods-LanguageLeapMobileAppFinalTests/Pods-LanguageLeapMobileAppFinalTests.release.xcconfig"; sourceTree = "<group>"; };
		9458A1701EA808910011E7A9 /* StatsViewController.swift */ = {isa = PBXFileReference; fileEncoding = 4; lastKnownFileType = sourcecode.swift; path = StatsViewController.swift; sourceTree = "<group>"; };
		9496D5481EA6AAB900692A6E /* GoogleService-Info.plist */ = {isa = PBXFileReference; fileEncoding = 4; lastKnownFileType = text.plist.xml; path = "GoogleService-Info.plist"; sourceTree = "<group>"; };
		A070AF4E4832A0F78E8DA54E /* Pods-LanguageLeapMobileAppFinal.release.xcconfig */ = {isa = PBXFileReference; includeInIndex = 1; lastKnownFileType = text.xcconfig; name = "Pods-LanguageLeapMobileAppFinal.release.xcconfig"; path = "Pods/Target Support Files/Pods-LanguageLeapMobileAppFinal/Pods-LanguageLeapMobileAppFinal.release.xcconfig"; sourceTree = "<group>"; };
		A5C06CFACDE410787D425CFB /* Pods_LanguageLeapMobileAppFinalUITests.framework */ = {isa = PBXFileReference; explicitFileType = wrapper.framework; includeInIndex = 0; path = Pods_LanguageLeapMobileAppFinalUITests.framework; sourceTree = BUILT_PRODUCTS_DIR; };
		A87F3F4266D4E569D41B3671 /* Pods-LanguageLeapMobileAppFinalUITests.debug.xcconfig */ = {isa = PBXFileReference; includeInIndex = 1; lastKnownFileType = text.xcconfig; name = "Pods-LanguageLeapMobileAppFinalUITests.debug.xcconfig"; path = "Pods/Target Support Files/Pods-LanguageLeapMobileAppFinalUITests/Pods-LanguageLeapMobileAppFinalUITests.debug.xcconfig"; sourceTree = "<group>"; };
		A9A03DC799E6E86FB960D42C /* Pods-LanguageLeapMobileAppFinal.debug.xcconfig */ = {isa = PBXFileReference; includeInIndex = 1; lastKnownFileType = text.xcconfig; name = "Pods-LanguageLeapMobileAppFinal.debug.xcconfig"; path = "Pods/Target Support Files/Pods-LanguageLeapMobileAppFinal/Pods-LanguageLeapMobileAppFinal.debug.xcconfig"; sourceTree = "<group>"; };
		D7F7BD421E9D687000D42DDA /* LanguageLeapMobileAppFinal.app */ = {isa = PBXFileReference; explicitFileType = wrapper.application; includeInIndex = 0; path = LanguageLeapMobileAppFinal.app; sourceTree = BUILT_PRODUCTS_DIR; };
		D7F7BD451E9D687000D42DDA /* AppDelegate.swift */ = {isa = PBXFileReference; lastKnownFileType = sourcecode.swift; path = AppDelegate.swift; sourceTree = "<group>"; };
		D7F7BD471E9D687100D42DDA /* GameScene.sks */ = {isa = PBXFileReference; lastKnownFileType = file.sks; path = GameScene.sks; sourceTree = "<group>"; };
		D7F7BD491E9D687100D42DDA /* Actions.sks */ = {isa = PBXFileReference; lastKnownFileType = file.sks; path = Actions.sks; sourceTree = "<group>"; };
		D7F7BD4B1E9D687100D42DDA /* GameScene.swift */ = {isa = PBXFileReference; lastKnownFileType = sourcecode.swift; path = GameScene.swift; sourceTree = "<group>"; };
		D7F7BD4D1E9D687100D42DDA /* GameViewController.swift */ = {isa = PBXFileReference; lastKnownFileType = sourcecode.swift; path = GameViewController.swift; sourceTree = "<group>"; };
		D7F7BD501E9D687100D42DDA /* Base */ = {isa = PBXFileReference; lastKnownFileType = file.storyboard; name = Base; path = Base.lproj/Main.storyboard; sourceTree = "<group>"; };
		D7F7BD521E9D687100D42DDA /* Assets.xcassets */ = {isa = PBXFileReference; lastKnownFileType = folder.assetcatalog; path = Assets.xcassets; sourceTree = "<group>"; };
		D7F7BD551E9D687100D42DDA /* Base */ = {isa = PBXFileReference; lastKnownFileType = file.storyboard; name = Base; path = Base.lproj/LaunchScreen.storyboard; sourceTree = "<group>"; };
		D7F7BD571E9D687100D42DDA /* Info.plist */ = {isa = PBXFileReference; lastKnownFileType = text.plist.xml; path = Info.plist; sourceTree = "<group>"; };
		D7F7BD5C1E9D687100D42DDA /* LanguageLeapMobileAppFinalTests.xctest */ = {isa = PBXFileReference; explicitFileType = wrapper.cfbundle; includeInIndex = 0; path = LanguageLeapMobileAppFinalTests.xctest; sourceTree = BUILT_PRODUCTS_DIR; };
		D7F7BD601E9D687100D42DDA /* LanguageLeapMobileAppFinalTests.swift */ = {isa = PBXFileReference; lastKnownFileType = sourcecode.swift; path = LanguageLeapMobileAppFinalTests.swift; sourceTree = "<group>"; };
		D7F7BD621E9D687100D42DDA /* Info.plist */ = {isa = PBXFileReference; lastKnownFileType = text.plist.xml; path = Info.plist; sourceTree = "<group>"; };
		D7F7BD671E9D687100D42DDA /* LanguageLeapMobileAppFinalUITests.xctest */ = {isa = PBXFileReference; explicitFileType = wrapper.cfbundle; includeInIndex = 0; path = LanguageLeapMobileAppFinalUITests.xctest; sourceTree = BUILT_PRODUCTS_DIR; };
		D7F7BD6B1E9D687100D42DDA /* LanguageLeapMobileAppFinalUITests.swift */ = {isa = PBXFileReference; lastKnownFileType = sourcecode.swift; path = LanguageLeapMobileAppFinalUITests.swift; sourceTree = "<group>"; };
		D7F7BD6D1E9D687100D42DDA /* Info.plist */ = {isa = PBXFileReference; lastKnownFileType = text.plist.xml; path = Info.plist; sourceTree = "<group>"; };
		D7F7BD791E9D731100D42DDA /* Question.swift */ = {isa = PBXFileReference; fileEncoding = 4; lastKnownFileType = sourcecode.swift; path = Question.swift; sourceTree = "<group>"; };
		E7B8DD9121F0B40083060E92 /* Pods_LanguageLeapMobileAppFinalTests.framework */ = {isa = PBXFileReference; explicitFileType = wrapper.framework; includeInIndex = 0; path = Pods_LanguageLeapMobileAppFinalTests.framework; sourceTree = BUILT_PRODUCTS_DIR; };
/* End PBXFileReference section */

/* Begin PBXFrameworksBuildPhase section */
		D7F7BD3F1E9D687000D42DDA /* Frameworks */ = {
			isa = PBXFrameworksBuildPhase;
			buildActionMask = 2147483647;
			files = (
				35DD0B8992896832A94EE9A6 /* Pods_LanguageLeapMobileAppFinal.framework in Frameworks */,
			);
			runOnlyForDeploymentPostprocessing = 0;
		};
		D7F7BD591E9D687100D42DDA /* Frameworks */ = {
			isa = PBXFrameworksBuildPhase;
			buildActionMask = 2147483647;
			files = (
				7E94E77A6E047ACBDDA3FAC0 /* Pods_LanguageLeapMobileAppFinalTests.framework in Frameworks */,
			);
			runOnlyForDeploymentPostprocessing = 0;
		};
		D7F7BD641E9D687100D42DDA /* Frameworks */ = {
			isa = PBXFrameworksBuildPhase;
			buildActionMask = 2147483647;
			files = (
				E022B9EB652A56C44EACC615 /* Pods_LanguageLeapMobileAppFinalUITests.framework in Frameworks */,
			);
			runOnlyForDeploymentPostprocessing = 0;
		};
/* End PBXFrameworksBuildPhase section */

/* Begin PBXGroup section */
		1D870D56A623E4869B514DDC /* Frameworks */ = {
			isa = PBXGroup;
			children = (
				7CDFBACE7635B6ED013EF8E4 /* Pods_LanguageLeapMobileAppFinal.framework */,
				E7B8DD9121F0B40083060E92 /* Pods_LanguageLeapMobileAppFinalTests.framework */,
				A5C06CFACDE410787D425CFB /* Pods_LanguageLeapMobileAppFinalUITests.framework */,
			);
			name = Frameworks;
			sourceTree = "<group>";
		};
		79FA4666840ECE78F86C3A43 /* Pods */ = {
			isa = PBXGroup;
			children = (
				A9A03DC799E6E86FB960D42C /* Pods-LanguageLeapMobileAppFinal.debug.xcconfig */,
				A070AF4E4832A0F78E8DA54E /* Pods-LanguageLeapMobileAppFinal.release.xcconfig */,
				248632371D2A99FCDDF64BAD /* Pods-LanguageLeapMobileAppFinalTests.debug.xcconfig */,
				8CF54F9766C209FA4B0FAEDB /* Pods-LanguageLeapMobileAppFinalTests.release.xcconfig */,
				A87F3F4266D4E569D41B3671 /* Pods-LanguageLeapMobileAppFinalUITests.debug.xcconfig */,
				887DFA6E23700C6A0104D35D /* Pods-LanguageLeapMobileAppFinalUITests.release.xcconfig */,
			);
			name = Pods;
			sourceTree = "<group>";
		};
		D7F7BD391E9D687000D42DDA = {
			isa = PBXGroup;
			children = (
				D7F7BD441E9D687000D42DDA /* LanguageLeapMobileAppFinal */,
				D7F7BD5F1E9D687100D42DDA /* LanguageLeapMobileAppFinalTests */,
				D7F7BD6A1E9D687100D42DDA /* LanguageLeapMobileAppFinalUITests */,
				D7F7BD431E9D687000D42DDA /* Products */,
				79FA4666840ECE78F86C3A43 /* Pods */,
				1D870D56A623E4869B514DDC /* Frameworks */,
			);
			sourceTree = "<group>";
		};
		D7F7BD431E9D687000D42DDA /* Products */ = {
			isa = PBXGroup;
			children = (
				D7F7BD421E9D687000D42DDA /* LanguageLeapMobileAppFinal.app */,
				D7F7BD5C1E9D687100D42DDA /* LanguageLeapMobileAppFinalTests.xctest */,
				D7F7BD671E9D687100D42DDA /* LanguageLeapMobileAppFinalUITests.xctest */,
			);
			name = Products;
			sourceTree = "<group>";
		};
		D7F7BD441E9D687000D42DDA /* LanguageLeapMobileAppFinal */ = {
			isa = PBXGroup;
			children = (
				D7F7BD451E9D687000D42DDA /* AppDelegate.swift */,
				D7F7BD471E9D687100D42DDA /* GameScene.sks */,
				D7F7BD491E9D687100D42DDA /* Actions.sks */,
				2626C9E41E9D710600DD722A /* ViewController.swift */,
				9458A1701EA808910011E7A9 /* StatsViewController.swift */,
				D7F7BD4B1E9D687100D42DDA /* GameScene.swift */,
				D7F7BD4D1E9D687100D42DDA /* GameViewController.swift */,
				D7F7BD4F1E9D687100D42DDA /* Main.storyboard */,
				D7F7BD521E9D687100D42DDA /* Assets.xcassets */,
				D7F7BD541E9D687100D42DDA /* LaunchScreen.storyboard */,
				D7F7BD571E9D687100D42DDA /* Info.plist */,
				9496D5481EA6AAB900692A6E /* GoogleService-Info.plist */,
				D7F7BD791E9D731100D42DDA /* Question.swift */,
			);
			path = LanguageLeapMobileAppFinal;
			sourceTree = "<group>";
		};
		D7F7BD5F1E9D687100D42DDA /* LanguageLeapMobileAppFinalTests */ = {
			isa = PBXGroup;
			children = (
				D7F7BD601E9D687100D42DDA /* LanguageLeapMobileAppFinalTests.swift */,
				D7F7BD621E9D687100D42DDA /* Info.plist */,
			);
			path = LanguageLeapMobileAppFinalTests;
			sourceTree = "<group>";
		};
		D7F7BD6A1E9D687100D42DDA /* LanguageLeapMobileAppFinalUITests */ = {
			isa = PBXGroup;
			children = (
				D7F7BD6B1E9D687100D42DDA /* LanguageLeapMobileAppFinalUITests.swift */,
				D7F7BD6D1E9D687100D42DDA /* Info.plist */,
			);
			path = LanguageLeapMobileAppFinalUITests;
			sourceTree = "<group>";
		};
/* End PBXGroup section */

/* Begin PBXNativeTarget section */
		D7F7BD411E9D687000D42DDA /* LanguageLeapMobileAppFinal */ = {
			isa = PBXNativeTarget;
			buildConfigurationList = D7F7BD701E9D687100D42DDA /* Build configuration list for PBXNativeTarget "LanguageLeapMobileAppFinal" */;
			buildPhases = (
				60CCFD771031917BFDA3DC4F /* [CP] Check Pods Manifest.lock */,
				D7F7BD3E1E9D687000D42DDA /* Sources */,
				D7F7BD3F1E9D687000D42DDA /* Frameworks */,
				D7F7BD401E9D687000D42DDA /* Resources */,
				076ED50B93AF34BF121FAB4B /* [CP] Embed Pods Frameworks */,
				07C7A394E8A8D8338F35456E /* [CP] Copy Pods Resources */,
			);
			buildRules = (
			);
			dependencies = (
			);
			name = LanguageLeapMobileAppFinal;
			productName = LanguageLeapMobileAppFinal;
			productReference = D7F7BD421E9D687000D42DDA /* LanguageLeapMobileAppFinal.app */;
			productType = "com.apple.product-type.application";
		};
		D7F7BD5B1E9D687100D42DDA /* LanguageLeapMobileAppFinalTests */ = {
			isa = PBXNativeTarget;
			buildConfigurationList = D7F7BD731E9D687100D42DDA /* Build configuration list for PBXNativeTarget "LanguageLeapMobileAppFinalTests" */;
			buildPhases = (
				C873DBFADAD8225F2435EAE9 /* [CP] Check Pods Manifest.lock */,
				D7F7BD581E9D687100D42DDA /* Sources */,
				D7F7BD591E9D687100D42DDA /* Frameworks */,
				D7F7BD5A1E9D687100D42DDA /* Resources */,
				41FA763DF62CEFE24AE48780 /* [CP] Embed Pods Frameworks */,
				578B60B85B7894B69D571C83 /* [CP] Copy Pods Resources */,
			);
			buildRules = (
			);
			dependencies = (
				D7F7BD5E1E9D687100D42DDA /* PBXTargetDependency */,
			);
			name = LanguageLeapMobileAppFinalTests;
			productName = LanguageLeapMobileAppFinalTests;
			productReference = D7F7BD5C1E9D687100D42DDA /* LanguageLeapMobileAppFinalTests.xctest */;
			productType = "com.apple.product-type.bundle.unit-test";
		};
		D7F7BD661E9D687100D42DDA /* LanguageLeapMobileAppFinalUITests */ = {
			isa = PBXNativeTarget;
			buildConfigurationList = D7F7BD761E9D687100D42DDA /* Build configuration list for PBXNativeTarget "LanguageLeapMobileAppFinalUITests" */;
			buildPhases = (
				1F5CD1315177DE05702DB9DD /* [CP] Check Pods Manifest.lock */,
				D7F7BD631E9D687100D42DDA /* Sources */,
				D7F7BD641E9D687100D42DDA /* Frameworks */,
				D7F7BD651E9D687100D42DDA /* Resources */,
				2B1B1E65AF32F67DD2591EEA /* [CP] Embed Pods Frameworks */,
				E24812B3BF6F0B3B87F0BD43 /* [CP] Copy Pods Resources */,
			);
			buildRules = (
			);
			dependencies = (
				D7F7BD691E9D687100D42DDA /* PBXTargetDependency */,
			);
			name = LanguageLeapMobileAppFinalUITests;
			productName = LanguageLeapMobileAppFinalUITests;
			productReference = D7F7BD671E9D687100D42DDA /* LanguageLeapMobileAppFinalUITests.xctest */;
			productType = "com.apple.product-type.bundle.ui-testing";
		};
/* End PBXNativeTarget section */

/* Begin PBXProject section */
		D7F7BD3A1E9D687000D42DDA /* Project object */ = {
			isa = PBXProject;
			attributes = {
				LastSwiftUpdateCheck = 0830;
				LastUpgradeCheck = 0830;
				ORGANIZATIONNAME = "Megan Bacani";
				TargetAttributes = {
					D7F7BD411E9D687000D42DDA = {
						CreatedOnToolsVersion = 8.3.1;
						ProvisioningStyle = Automatic;
					};
					D7F7BD5B1E9D687100D42DDA = {
						CreatedOnToolsVersion = 8.3.1;
						ProvisioningStyle = Automatic;
						TestTargetID = D7F7BD411E9D687000D42DDA;
					};
					D7F7BD661E9D687100D42DDA = {
						CreatedOnToolsVersion = 8.3.1;
						ProvisioningStyle = Automatic;
						TestTargetID = D7F7BD411E9D687000D42DDA;
					};
				};
			};
			buildConfigurationList = D7F7BD3D1E9D687000D42DDA /* Build configuration list for PBXProject "LanguageLeapMobileAppFinal" */;
			compatibilityVersion = "Xcode 3.2";
			developmentRegion = English;
			hasScannedForEncodings = 0;
			knownRegions = (
				en,
				Base,
			);
			mainGroup = D7F7BD391E9D687000D42DDA;
			productRefGroup = D7F7BD431E9D687000D42DDA /* Products */;
			projectDirPath = "";
			projectRoot = "";
			targets = (
				D7F7BD411E9D687000D42DDA /* LanguageLeapMobileAppFinal */,
				D7F7BD5B1E9D687100D42DDA /* LanguageLeapMobileAppFinalTests */,
				D7F7BD661E9D687100D42DDA /* LanguageLeapMobileAppFinalUITests */,
			);
		};
/* End PBXProject section */

/* Begin PBXResourcesBuildPhase section */
		D7F7BD401E9D687000D42DDA /* Resources */ = {
			isa = PBXResourcesBuildPhase;
			buildActionMask = 2147483647;
			files = (
				D7F7BD511E9D687100D42DDA /* Main.storyboard in Resources */,
				D7F7BD481E9D687100D42DDA /* GameScene.sks in Resources */,
				D7F7BD531E9D687100D42DDA /* Assets.xcassets in Resources */,
				D7F7BD561E9D687100D42DDA /* LaunchScreen.storyboard in Resources */,
				D7F7BD4A1E9D687100D42DDA /* Actions.sks in Resources */,
				9496D5491EA6AAB900692A6E /* GoogleService-Info.plist in Resources */,
			);
			runOnlyForDeploymentPostprocessing = 0;
		};
		D7F7BD5A1E9D687100D42DDA /* Resources */ = {
			isa = PBXResourcesBuildPhase;
			buildActionMask = 2147483647;
			files = (
				9496D54A1EA6AAB900692A6E /* GoogleService-Info.plist in Resources */,
			);
			runOnlyForDeploymentPostprocessing = 0;
		};
		D7F7BD651E9D687100D42DDA /* Resources */ = {
			isa = PBXResourcesBuildPhase;
			buildActionMask = 2147483647;
			files = (
				9496D54B1EA6AAB900692A6E /* GoogleService-Info.plist in Resources */,
			);
			runOnlyForDeploymentPostprocessing = 0;
		};
/* End PBXResourcesBuildPhase section */

/* Begin PBXShellScriptBuildPhase section */
		076ED50B93AF34BF121FAB4B /* [CP] Embed Pods Frameworks */ = {
			isa = PBXShellScriptBuildPhase;
			buildActionMask = 2147483647;
			files = (
			);
			inputPaths = (
			);
			name = "[CP] Embed Pods Frameworks";
			outputPaths = (
			);
			runOnlyForDeploymentPostprocessing = 0;
			shellPath = /bin/sh;
			shellScript = "\"${SRCROOT}/Pods/Target Support Files/Pods-LanguageLeapMobileAppFinal/Pods-LanguageLeapMobileAppFinal-frameworks.sh\"\n";
			showEnvVarsInLog = 0;
		};
		07C7A394E8A8D8338F35456E /* [CP] Copy Pods Resources */ = {
			isa = PBXShellScriptBuildPhase;
			buildActionMask = 2147483647;
			files = (
			);
			inputPaths = (
			);
			name = "[CP] Copy Pods Resources";
			outputPaths = (
			);
			runOnlyForDeploymentPostprocessing = 0;
			shellPath = /bin/sh;
			shellScript = "\"${SRCROOT}/Pods/Target Support Files/Pods-LanguageLeapMobileAppFinal/Pods-LanguageLeapMobileAppFinal-resources.sh\"\n";
			showEnvVarsInLog = 0;
		};
		1F5CD1315177DE05702DB9DD /* [CP] Check Pods Manifest.lock */ = {
			isa = PBXShellScriptBuildPhase;
			buildActionMask = 2147483647;
			files = (
			);
			inputPaths = (
			);
			name = "[CP] Check Pods Manifest.lock";
			outputPaths = (
			);
			runOnlyForDeploymentPostprocessing = 0;
			shellPath = /bin/sh;
			shellScript = "diff \"${PODS_PODFILE_DIR_PATH}/Podfile.lock\" \"${PODS_ROOT}/Manifest.lock\" > /dev/null\nif [ $? != 0 ] ; then\n    # print error to STDERR\n    echo \"error: The sandbox is not in sync with the Podfile.lock. Run 'pod install' or update your CocoaPods installation.\" >&2\n    exit 1\nfi\n";
			showEnvVarsInLog = 0;
		};
		2B1B1E65AF32F67DD2591EEA /* [CP] Embed Pods Frameworks */ = {
			isa = PBXShellScriptBuildPhase;
			buildActionMask = 2147483647;
			files = (
			);
			inputPaths = (
			);
			name = "[CP] Embed Pods Frameworks";
			outputPaths = (
			);
			runOnlyForDeploymentPostprocessing = 0;
			shellPath = /bin/sh;
			shellScript = "\"${SRCROOT}/Pods/Target Support Files/Pods-LanguageLeapMobileAppFinalUITests/Pods-LanguageLeapMobileAppFinalUITests-frameworks.sh\"\n";
			showEnvVarsInLog = 0;
		};
		41FA763DF62CEFE24AE48780 /* [CP] Embed Pods Frameworks */ = {
			isa = PBXShellScriptBuildPhase;
			buildActionMask = 2147483647;
			files = (
			);
			inputPaths = (
			);
			name = "[CP] Embed Pods Frameworks";
			outputPaths = (
			);
			runOnlyForDeploymentPostprocessing = 0;
			shellPath = /bin/sh;
			shellScript = "\"${SRCROOT}/Pods/Target Support Files/Pods-LanguageLeapMobileAppFinalTests/Pods-LanguageLeapMobileAppFinalTests-frameworks.sh\"\n";
			showEnvVarsInLog = 0;
		};
		578B60B85B7894B69D571C83 /* [CP] Copy Pods Resources */ = {
			isa = PBXShellScriptBuildPhase;
			buildActionMask = 2147483647;
			files = (
			);
			inputPaths = (
			);
			name = "[CP] Copy Pods Resources";
			outputPaths = (
			);
			runOnlyForDeploymentPostprocessing = 0;
			shellPath = /bin/sh;
			shellScript = "\"${SRCROOT}/Pods/Target Support Files/Pods-LanguageLeapMobileAppFinalTests/Pods-LanguageLeapMobileAppFinalTests-resources.sh\"\n";
			showEnvVarsInLog = 0;
		};
		60CCFD771031917BFDA3DC4F /* [CP] Check Pods Manifest.lock */ = {
			isa = PBXShellScriptBuildPhase;
			buildActionMask = 2147483647;
			files = (
			);
			inputPaths = (
			);
			name = "[CP] Check Pods Manifest.lock";
			outputPaths = (
			);
			runOnlyForDeploymentPostprocessing = 0;
			shellPath = /bin/sh;
			shellScript = "diff \"${PODS_PODFILE_DIR_PATH}/Podfile.lock\" \"${PODS_ROOT}/Manifest.lock\" > /dev/null\nif [ $? != 0 ] ; then\n    # print error to STDERR\n    echo \"error: The sandbox is not in sync with the Podfile.lock. Run 'pod install' or update your CocoaPods installation.\" >&2\n    exit 1\nfi\n";
			showEnvVarsInLog = 0;
		};
		C873DBFADAD8225F2435EAE9 /* [CP] Check Pods Manifest.lock */ = {
			isa = PBXShellScriptBuildPhase;
			buildActionMask = 2147483647;
			files = (
			);
			inputPaths = (
			);
			name = "[CP] Check Pods Manifest.lock";
			outputPaths = (
			);
			runOnlyForDeploymentPostprocessing = 0;
			shellPath = /bin/sh;
			shellScript = "diff \"${PODS_PODFILE_DIR_PATH}/Podfile.lock\" \"${PODS_ROOT}/Manifest.lock\" > /dev/null\nif [ $? != 0 ] ; then\n    # print error to STDERR\n    echo \"error: The sandbox is not in sync with the Podfile.lock. Run 'pod install' or update your CocoaPods installation.\" >&2\n    exit 1\nfi\n";
			showEnvVarsInLog = 0;
		};
		E24812B3BF6F0B3B87F0BD43 /* [CP] Copy Pods Resources */ = {
			isa = PBXShellScriptBuildPhase;
			buildActionMask = 2147483647;
			files = (
			);
			inputPaths = (
			);
			name = "[CP] Copy Pods Resources";
			outputPaths = (
			);
			runOnlyForDeploymentPostprocessing = 0;
			shellPath = /bin/sh;
			shellScript = "\"${SRCROOT}/Pods/Target Support Files/Pods-LanguageLeapMobileAppFinalUITests/Pods-LanguageLeapMobileAppFinalUITests-resources.sh\"\n";
			showEnvVarsInLog = 0;
		};
/* End PBXShellScriptBuildPhase section */

/* Begin PBXSourcesBuildPhase section */
		D7F7BD3E1E9D687000D42DDA /* Sources */ = {
			isa = PBXSourcesBuildPhase;
			buildActionMask = 2147483647;
			files = (
				D7F7BD7A1E9D731100D42DDA /* Question.swift in Sources */,
				D7F7BD4C1E9D687100D42DDA /* GameScene.swift in Sources */,
				D7F7BD4E1E9D687100D42DDA /* GameViewController.swift in Sources */,
				2626C9E51E9D710600DD722A /* ViewController.swift in Sources */,
				9458A1711EA808910011E7A9 /* StatsViewController.swift in Sources */,
				D7F7BD461E9D687000D42DDA /* AppDelegate.swift in Sources */,
			);
			runOnlyForDeploymentPostprocessing = 0;
		};
		D7F7BD581E9D687100D42DDA /* Sources */ = {
			isa = PBXSourcesBuildPhase;
			buildActionMask = 2147483647;
			files = (
				D7F7BD611E9D687100D42DDA /* LanguageLeapMobileAppFinalTests.swift in Sources */,
			);
			runOnlyForDeploymentPostprocessing = 0;
		};
		D7F7BD631E9D687100D42DDA /* Sources */ = {
			isa = PBXSourcesBuildPhase;
			buildActionMask = 2147483647;
			files = (
				D7F7BD6C1E9D687100D42DDA /* LanguageLeapMobileAppFinalUITests.swift in Sources */,
			);
			runOnlyForDeploymentPostprocessing = 0;
		};
/* End PBXSourcesBuildPhase section */

/* Begin PBXTargetDependency section */
		D7F7BD5E1E9D687100D42DDA /* PBXTargetDependency */ = {
			isa = PBXTargetDependency;
			target = D7F7BD411E9D687000D42DDA /* LanguageLeapMobileAppFinal */;
			targetProxy = D7F7BD5D1E9D687100D42DDA /* PBXContainerItemProxy */;
		};
		D7F7BD691E9D687100D42DDA /* PBXTargetDependency */ = {
			isa = PBXTargetDependency;
			target = D7F7BD411E9D687000D42DDA /* LanguageLeapMobileAppFinal */;
			targetProxy = D7F7BD681E9D687100D42DDA /* PBXContainerItemProxy */;
		};
/* End PBXTargetDependency section */

/* Begin PBXVariantGroup section */
		D7F7BD4F1E9D687100D42DDA /* Main.storyboard */ = {
			isa = PBXVariantGroup;
			children = (
				D7F7BD501E9D687100D42DDA /* Base */,
			);
			name = Main.storyboard;
			sourceTree = "<group>";
		};
		D7F7BD541E9D687100D42DDA /* LaunchScreen.storyboard */ = {
			isa = PBXVariantGroup;
			children = (
				D7F7BD551E9D687100D42DDA /* Base */,
			);
			name = LaunchScreen.storyboard;
			sourceTree = "<group>";
		};
/* End PBXVariantGroup section */

/* Begin XCBuildConfiguration section */
		D7F7BD6E1E9D687100D42DDA /* Debug */ = {
			isa = XCBuildConfiguration;
			buildSettings = {
				ALWAYS_SEARCH_USER_PATHS = NO;
				CLANG_ANALYZER_NONNULL = YES;
				CLANG_ANALYZER_NUMBER_OBJECT_CONVERSION = YES_AGGRESSIVE;
				CLANG_CXX_LANGUAGE_STANDARD = "gnu++0x";
				CLANG_CXX_LIBRARY = "libc++";
				CLANG_ENABLE_MODULES = YES;
				CLANG_ENABLE_OBJC_ARC = YES;
				CLANG_WARN_BOOL_CONVERSION = YES;
				CLANG_WARN_CONSTANT_CONVERSION = YES;
				CLANG_WARN_DIRECT_OBJC_ISA_USAGE = YES_ERROR;
				CLANG_WARN_DOCUMENTATION_COMMENTS = YES;
				CLANG_WARN_EMPTY_BODY = YES;
				CLANG_WARN_ENUM_CONVERSION = YES;
				CLANG_WARN_INFINITE_RECURSION = YES;
				CLANG_WARN_INT_CONVERSION = YES;
				CLANG_WARN_OBJC_ROOT_CLASS = YES_ERROR;
				CLANG_WARN_SUSPICIOUS_MOVE = YES;
				CLANG_WARN_UNREACHABLE_CODE = YES;
				CLANG_WARN__DUPLICATE_METHOD_MATCH = YES;
				"CODE_SIGN_IDENTITY[sdk=iphoneos*]" = "iPhone Developer";
				COPY_PHASE_STRIP = NO;
				DEBUG_INFORMATION_FORMAT = dwarf;
				ENABLE_STRICT_OBJC_MSGSEND = YES;
				ENABLE_TESTABILITY = YES;
				GCC_C_LANGUAGE_STANDARD = gnu99;
				GCC_DYNAMIC_NO_PIC = NO;
				GCC_NO_COMMON_BLOCKS = YES;
				GCC_OPTIMIZATION_LEVEL = 0;
				GCC_PREPROCESSOR_DEFINITIONS = (
					"DEBUG=1",
					"$(inherited)",
				);
				GCC_WARN_64_TO_32_BIT_CONVERSION = YES;
				GCC_WARN_ABOUT_RETURN_TYPE = YES_ERROR;
				GCC_WARN_UNDECLARED_SELECTOR = YES;
				GCC_WARN_UNINITIALIZED_AUTOS = YES_AGGRESSIVE;
				GCC_WARN_UNUSED_FUNCTION = YES;
				GCC_WARN_UNUSED_VARIABLE = YES;
				IPHONEOS_DEPLOYMENT_TARGET = 10.3;
				MTL_ENABLE_DEBUG_INFO = YES;
				ONLY_ACTIVE_ARCH = YES;
				SDKROOT = iphoneos;
				SWIFT_ACTIVE_COMPILATION_CONDITIONS = DEBUG;
				SWIFT_OPTIMIZATION_LEVEL = "-Onone";
				TARGETED_DEVICE_FAMILY = "1,2";
			};
			name = Debug;
		};
		D7F7BD6F1E9D687100D42DDA /* Release */ = {
			isa = XCBuildConfiguration;
			buildSettings = {
				ALWAYS_SEARCH_USER_PATHS = NO;
				CLANG_ANALYZER_NONNULL = YES;
				CLANG_ANALYZER_NUMBER_OBJECT_CONVERSION = YES_AGGRESSIVE;
				CLANG_CXX_LANGUAGE_STANDARD = "gnu++0x";
				CLANG_CXX_LIBRARY = "libc++";
				CLANG_ENABLE_MODULES = YES;
				CLANG_ENABLE_OBJC_ARC = YES;
				CLANG_WARN_BOOL_CONVERSION = YES;
				CLANG_WARN_CONSTANT_CONVERSION = YES;
				CLANG_WARN_DIRECT_OBJC_ISA_USAGE = YES_ERROR;
				CLANG_WARN_DOCUMENTATION_COMMENTS = YES;
				CLANG_WARN_EMPTY_BODY = YES;
				CLANG_WARN_ENUM_CONVERSION = YES;
				CLANG_WARN_INFINITE_RECURSION = YES;
				CLANG_WARN_INT_CONVERSION = YES;
				CLANG_WARN_OBJC_ROOT_CLASS = YES_ERROR;
				CLANG_WARN_SUSPICIOUS_MOVE = YES;
				CLANG_WARN_UNREACHABLE_CODE = YES;
				CLANG_WARN__DUPLICATE_METHOD_MATCH = YES;
				"CODE_SIGN_IDENTITY[sdk=iphoneos*]" = "iPhone Developer";
				COPY_PHASE_STRIP = NO;
				DEBUG_INFORMATION_FORMAT = "dwarf-with-dsym";
				ENABLE_NS_ASSERTIONS = NO;
				ENABLE_STRICT_OBJC_MSGSEND = YES;
				GCC_C_LANGUAGE_STANDARD = gnu99;
				GCC_NO_COMMON_BLOCKS = YES;
				GCC_WARN_64_TO_32_BIT_CONVERSION = YES;
				GCC_WARN_ABOUT_RETURN_TYPE = YES_ERROR;
				GCC_WARN_UNDECLARED_SELECTOR = YES;
				GCC_WARN_UNINITIALIZED_AUTOS = YES_AGGRESSIVE;
				GCC_WARN_UNUSED_FUNCTION = YES;
				GCC_WARN_UNUSED_VARIABLE = YES;
				IPHONEOS_DEPLOYMENT_TARGET = 10.3;
				MTL_ENABLE_DEBUG_INFO = NO;
				SDKROOT = iphoneos;
				SWIFT_OPTIMIZATION_LEVEL = "-Owholemodule";
				TARGETED_DEVICE_FAMILY = "1,2";
				VALIDATE_PRODUCT = YES;
			};
			name = Release;
		};
		D7F7BD711E9D687100D42DDA /* Debug */ = {
			isa = XCBuildConfiguration;
			baseConfigurationReference = A9A03DC799E6E86FB960D42C /* Pods-LanguageLeapMobileAppFinal.debug.xcconfig */;
			buildSettings = {
				ASSETCATALOG_COMPILER_APPICON_NAME = AppIcon;
				INFOPLIST_FILE = LanguageLeapMobileAppFinal/Info.plist;
				IPHONEOS_DEPLOYMENT_TARGET = 10.2;
				LD_RUNPATH_SEARCH_PATHS = "$(inherited) @executable_path/Frameworks";
				PRODUCT_BUNDLE_IDENTIFIER = "MeganBacani-CSE438.LanguageLeapMobileAppFinal";
				PRODUCT_NAME = "$(TARGET_NAME)";
				SWIFT_VERSION = 3.0;
			};
			name = Debug;
		};
		D7F7BD721E9D687100D42DDA /* Release */ = {
			isa = XCBuildConfiguration;
			baseConfigurationReference = A070AF4E4832A0F78E8DA54E /* Pods-LanguageLeapMobileAppFinal.release.xcconfig */;
			buildSettings = {
				ASSETCATALOG_COMPILER_APPICON_NAME = AppIcon;
				INFOPLIST_FILE = LanguageLeapMobileAppFinal/Info.plist;
				IPHONEOS_DEPLOYMENT_TARGET = 10.2;
				LD_RUNPATH_SEARCH_PATHS = "$(inherited) @executable_path/Frameworks";
				PRODUCT_BUNDLE_IDENTIFIER = "MeganBacani-CSE438.LanguageLeapMobileAppFinal";
				PRODUCT_NAME = "$(TARGET_NAME)";
				SWIFT_VERSION = 3.0;
			};
			name = Release;
		};
		D7F7BD741E9D687100D42DDA /* Debug */ = {
			isa = XCBuildConfiguration;
			baseConfigurationReference = 248632371D2A99FCDDF64BAD /* Pods-LanguageLeapMobileAppFinalTests.debug.xcconfig */;
			buildSettings = {
				ALWAYS_EMBED_SWIFT_STANDARD_LIBRARIES = YES;
				BUNDLE_LOADER = "$(TEST_HOST)";
				INFOPLIST_FILE = LanguageLeapMobileAppFinalTests/Info.plist;
				IPHONEOS_DEPLOYMENT_TARGET = 10.2;
				LD_RUNPATH_SEARCH_PATHS = "$(inherited) @executable_path/Frameworks @loader_path/Frameworks";
				PRODUCT_BUNDLE_IDENTIFIER = "MeganBacani-CSE438.LanguageLeapMobileAppFinalTests";
				PRODUCT_NAME = "$(TARGET_NAME)";
				SWIFT_VERSION = 3.0;
				TEST_HOST = "$(BUILT_PRODUCTS_DIR)/LanguageLeapMobileAppFinal.app/LanguageLeapMobileAppFinal";
			};
			name = Debug;
		};
		D7F7BD751E9D687100D42DDA /* Release */ = {
			isa = XCBuildConfiguration;
			baseConfigurationReference = 8CF54F9766C209FA4B0FAEDB /* Pods-LanguageLeapMobileAppFinalTests.release.xcconfig */;
			buildSettings = {
				ALWAYS_EMBED_SWIFT_STANDARD_LIBRARIES = YES;
				BUNDLE_LOADER = "$(TEST_HOST)";
				INFOPLIST_FILE = LanguageLeapMobileAppFinalTests/Info.plist;
				IPHONEOS_DEPLOYMENT_TARGET = 10.2;
				LD_RUNPATH_SEARCH_PATHS = "$(inherited) @executable_path/Frameworks @loader_path/Frameworks";
				PRODUCT_BUNDLE_IDENTIFIER = "MeganBacani-CSE438.LanguageLeapMobileAppFinalTests";
				PRODUCT_NAME = "$(TARGET_NAME)";
				SWIFT_VERSION = 3.0;
				TEST_HOST = "$(BUILT_PRODUCTS_DIR)/LanguageLeapMobileAppFinal.app/LanguageLeapMobileAppFinal";
			};
			name = Release;
		};
		D7F7BD771E9D687100D42DDA /* Debug */ = {
			isa = XCBuildConfiguration;
			baseConfigurationReference = A87F3F4266D4E569D41B3671 /* Pods-LanguageLeapMobileAppFinalUITests.debug.xcconfig */;
			buildSettings = {
				ALWAYS_EMBED_SWIFT_STANDARD_LIBRARIES = YES;
				INFOPLIST_FILE = LanguageLeapMobileAppFinalUITests/Info.plist;
				IPHONEOS_DEPLOYMENT_TARGET = 10.2;
				LD_RUNPATH_SEARCH_PATHS = "$(inherited) @executable_path/Frameworks @loader_path/Frameworks";
				PRODUCT_BUNDLE_IDENTIFIER = "MeganBacani-CSE438.LanguageLeapMobileAppFinalUITests";
				PRODUCT_NAME = "$(TARGET_NAME)";
				SWIFT_VERSION = 3.0;
				TEST_TARGET_NAME = LanguageLeapMobileAppFinal;
			};
			name = Debug;
		};
		D7F7BD781E9D687100D42DDA /* Release */ = {
			isa = XCBuildConfiguration;
			baseConfigurationReference = 887DFA6E23700C6A0104D35D /* Pods-LanguageLeapMobileAppFinalUITests.release.xcconfig */;
			buildSettings = {
				ALWAYS_EMBED_SWIFT_STANDARD_LIBRARIES = YES;
				INFOPLIST_FILE = LanguageLeapMobileAppFinalUITests/Info.plist;
				IPHONEOS_DEPLOYMENT_TARGET = 10.2;
				LD_RUNPATH_SEARCH_PATHS = "$(inherited) @executable_path/Frameworks @loader_path/Frameworks";
				PRODUCT_BUNDLE_IDENTIFIER = "MeganBacani-CSE438.LanguageLeapMobileAppFinalUITests";
				PRODUCT_NAME = "$(TARGET_NAME)";
				SWIFT_VERSION = 3.0;
				TEST_TARGET_NAME = LanguageLeapMobileAppFinal;
			};
			name = Release;
		};
/* End XCBuildConfiguration section */

/* Begin XCConfigurationList section */
		D7F7BD3D1E9D687000D42DDA /* Build configuration list for PBXProject "LanguageLeapMobileAppFinal" */ = {
			isa = XCConfigurationList;
			buildConfigurations = (
				D7F7BD6E1E9D687100D42DDA /* Debug */,
				D7F7BD6F1E9D687100D42DDA /* Release */,
			);
			defaultConfigurationIsVisible = 0;
			defaultConfigurationName = Release;
		};
		D7F7BD701E9D687100D42DDA /* Build configuration list for PBXNativeTarget "LanguageLeapMobileAppFinal" */ = {
			isa = XCConfigurationList;
			buildConfigurations = (
				D7F7BD711E9D687100D42DDA /* Debug */,
				D7F7BD721E9D687100D42DDA /* Release */,
			);
			defaultConfigurationIsVisible = 0;
			defaultConfigurationName = Release;
		};
		D7F7BD731E9D687100D42DDA /* Build configuration list for PBXNativeTarget "LanguageLeapMobileAppFinalTests" */ = {
			isa = XCConfigurationList;
			buildConfigurations = (
				D7F7BD741E9D687100D42DDA /* Debug */,
				D7F7BD751E9D687100D42DDA /* Release */,
			);
			defaultConfigurationIsVisible = 0;
			defaultConfigurationName = Release;
		};
		D7F7BD761E9D687100D42DDA /* Build configuration list for PBXNativeTarget "LanguageLeapMobileAppFinalUITests" */ = {
			isa = XCConfigurationList;
			buildConfigurations = (
				D7F7BD771E9D687100D42DDA /* Debug */,
				D7F7BD781E9D687100D42DDA /* Release */,
			);
			defaultConfigurationIsVisible = 0;
			defaultConfigurationName = Release;
		};
/* End XCConfigurationList section */
	};
	rootObject = D7F7BD3A1E9D687000D42DDA /* Project object */;
}
